
Microsoft Visual Studio Solution File, Format Version 12.00
# Visual Studio Version 16
VisualStudioVersion = 16.0.29609.76
MinimumVisualStudioVersion = 10.0.40219.1
Project("{8BC9CEB8-8B4A-11D0-8D11-00A0C91BC942}") = "electromagnetic-field", "electromagnetic-field\electromagnetic-field.vcxproj", "{6EECDEDE-8458-4322-B3AE-A3EFD404FEAA}"
EndProject
Global
	GlobalSection(SolutionConfigurationPlatforms) = preSolution
		Debug|x64 = Debug|x64
		Release|x64 = Release|x64
	EndGlobalSection
	GlobalSection(ProjectConfigurationPlatforms) = postSolution
		{6EECDEDE-8458-4322-B3AE-A3EFD404FEAA}.Debug|x64.ActiveCfg = Debug|x64
		{6EECDEDE-8458-4322-B3AE-A3EFD404FEAA}.Debug|x64.Build.0 = Debug|x64
		{6EECDEDE-8458-4322-B3AE-A3EFD404FEAA}.Release|x64.ActiveCfg = Release|x64
		{6EECDEDE-8458-4322-B3AE-A3EFD404FEAA}.Release|x64.Build.0 = Release|x64
	EndGlobalSection
	GlobalSection(SolutionProperties) = preSolution
		HideSolutionNode = FALSE
	EndGlobalSection
	GlobalSection(ExtensibilityGlobals) = postSolution
		SolutionGuid = {FEB5B7F1-DC34-4458-8776-55CAF35832F7}
	EndGlobalSection
EndGlobal
